
Microsoft Visual Studio Solution File, Format Version 12.00
# Visual Studio 2013
VisualStudioVersion = 12.0.30501.0
MinimumVisualStudioVersion = 10.0.40219.1
Project("{FAE04EC0-301F-11D3-BF4B-00C04F79EFBC}") = "CircuitBreakerSpike.WebApi", "CircuitBreakerSpike.WebApi\CircuitBreakerSpike.WebApi.csproj", "{ACAAC4E3-58F9-4AA2-98A1-3DC329B2E8DA}"
EndProject
Project("{FAE04EC0-301F-11D3-BF4B-00C04F79EFBC}") = "CircuitBreakerSpike.WebApi.UnitTests", "CircuitBreakerSpike.WebApi.UnitTests\CircuitBreakerSpike.WebApi.UnitTests.csproj", "{41738A0A-F6A0-4A3E-A3E9-85E773061387}"
EndProject
Project("{FAE04EC0-301F-11D3-BF4B-00C04F79EFBC}") = "CircuitBreakerSpike.Services", "CircuitBreakerSpike.Services\CircuitBreakerSpike.Services.csproj", "{9E5EB260-8C4B-470F-B09D-3BD00A6FB441}"
EndProject
Project("{FAE04EC0-301F-11D3-BF4B-00C04F79EFBC}") = "CircuitBreakerSpike.Services.UnitTests", "CircuitBreakerSpike.Services.UnitTests\CircuitBreakerSpike.Services.UnitTests.csproj", "{682811D2-4C65-4906-A184-1214AA12D3BE}"
EndProject
Project("{FAE04EC0-301F-11D3-BF4B-00C04F79EFBC}") = "CircuitBreakerSpike.Core", "CircuitBreakerSpike.Core\CircuitBreakerSpike.Core.csproj", "{0E771535-52AE-4593-A0EF-3751271FB210}"
EndProject
Project("{FAE04EC0-301F-11D3-BF4B-00C04F79EFBC}") = "CircuitBreakerSpike.Core.UnitTests", "CircuitBreakerSpike.Core.UnitTests\CircuitBreakerSpike.Core.UnitTests.csproj", "{11280BCB-2397-49CE-AA6B-23CC266D4A75}"
EndProject
Project("{FAE04EC0-301F-11D3-BF4B-00C04F79EFBC}") = "CircuitBreakerSpike.Repositories", "CircuitBreakerSpike.Repositories\CircuitBreakerSpike.Repositories.csproj", "{7001FE5F-A428-437F-8333-82BB5441ED35}"
EndProject
Project("{FAE04EC0-301F-11D3-BF4B-00C04F79EFBC}") = "CircuitBreakerSpike.Repositories.UnitTests", "CircuitBreakerSpike.Repositories.UnitTests\CircuitBreakerSpike.Repositories.UnitTests.csproj", "{CAA53369-C7D0-497F-8D4B-F73CCDE7F4A9}"
EndProject
Project("{2150E333-8FDC-42A3-9474-1A3956D46DE8}") = ".nuget", ".nuget", "{920B9B75-2C98-4F02-AAA4-80759CC030AC}"
	ProjectSection(SolutionItems) = preProject
		.nuget\NuGet.Config = .nuget\NuGet.Config
		.nuget\NuGet.exe = .nuget\NuGet.exe
		.nuget\NuGet.targets = .nuget\NuGet.targets
	EndProjectSection
EndProject
Global
	GlobalSection(SolutionConfigurationPlatforms) = preSolution
		Debug|Any CPU = Debug|Any CPU
		Release|Any CPU = Release|Any CPU
	EndGlobalSection
	GlobalSection(ProjectConfigurationPlatforms) = postSolution
		{ACAAC4E3-58F9-4AA2-98A1-3DC329B2E8DA}.Debug|Any CPU.ActiveCfg = Debug|Any CPU
		{ACAAC4E3-58F9-4AA2-98A1-3DC329B2E8DA}.Debug|Any CPU.Build.0 = Debug|Any CPU
		{ACAAC4E3-58F9-4AA2-98A1-3DC329B2E8DA}.Release|Any CPU.ActiveCfg = Release|Any CPU
		{ACAAC4E3-58F9-4AA2-98A1-3DC329B2E8DA}.Release|Any CPU.Build.0 = Release|Any CPU
		{41738A0A-F6A0-4A3E-A3E9-85E773061387}.Debug|Any CPU.ActiveCfg = Debug|Any CPU
		{41738A0A-F6A0-4A3E-A3E9-85E773061387}.Debug|Any CPU.Build.0 = Debug|Any CPU
		{41738A0A-F6A0-4A3E-A3E9-85E773061387}.Release|Any CPU.ActiveCfg = Release|Any CPU
		{41738A0A-F6A0-4A3E-A3E9-85E773061387}.Release|Any CPU.Build.0 = Release|Any CPU
		{9E5EB260-8C4B-470F-B09D-3BD00A6FB441}.Debug|Any CPU.ActiveCfg = Debug|Any CPU
		{9E5EB260-8C4B-470F-B09D-3BD00A6FB441}.Debug|Any CPU.Build.0 = Debug|Any CPU
		{9E5EB260-8C4B-470F-B09D-3BD00A6FB441}.Release|Any CPU.ActiveCfg = Release|Any CPU
		{9E5EB260-8C4B-470F-B09D-3BD00A6FB441}.Release|Any CPU.Build.0 = Release|Any CPU
		{682811D2-4C65-4906-A184-1214AA12D3BE}.Debug|Any CPU.ActiveCfg = Debug|Any CPU
		{682811D2-4C65-4906-A184-1214AA12D3BE}.Debug|Any CPU.Build.0 = Debug|Any CPU
		{682811D2-4C65-4906-A184-1214AA12D3BE}.Release|Any CPU.ActiveCfg = Release|Any CPU
		{682811D2-4C65-4906-A184-1214AA12D3BE}.Release|Any CPU.Build.0 = Release|Any CPU
		{0E771535-52AE-4593-A0EF-3751271FB210}.Debug|Any CPU.ActiveCfg = Debug|Any CPU
		{0E771535-52AE-4593-A0EF-3751271FB210}.Debug|Any CPU.Build.0 = Debug|Any CPU
		{0E771535-52AE-4593-A0EF-3751271FB210}.Release|Any CPU.ActiveCfg = Release|Any CPU
		{0E771535-52AE-4593-A0EF-3751271FB210}.Release|Any CPU.Build.0 = Release|Any CPU
		{11280BCB-2397-49CE-AA6B-23CC266D4A75}.Debug|Any CPU.ActiveCfg = Debug|Any CPU
		{11280BCB-2397-49CE-AA6B-23CC266D4A75}.Debug|Any CPU.Build.0 = Debug|Any CPU
		{11280BCB-2397-49CE-AA6B-23CC266D4A75}.Release|Any CPU.ActiveCfg = Release|Any CPU
		{11280BCB-2397-49CE-AA6B-23CC266D4A75}.Release|Any CPU.Build.0 = Release|Any CPU
		{7001FE5F-A428-437F-8333-82BB5441ED35}.Debug|Any CPU.ActiveCfg = Debug|Any CPU
		{7001FE5F-A428-437F-8333-82BB5441ED35}.Debug|Any CPU.Build.0 = Debug|Any CPU
		{7001FE5F-A428-437F-8333-82BB5441ED35}.Release|Any CPU.ActiveCfg = Release|Any CPU
		{7001FE5F-A428-437F-8333-82BB5441ED35}.Release|Any CPU.Build.0 = Release|Any CPU
		{CAA53369-C7D0-497F-8D4B-F73CCDE7F4A9}.Debug|Any CPU.ActiveCfg = Debug|Any CPU
		{CAA53369-C7D0-497F-8D4B-F73CCDE7F4A9}.Debug|Any CPU.Build.0 = Debug|Any CPU
		{CAA53369-C7D0-497F-8D4B-F73CCDE7F4A9}.Release|Any CPU.ActiveCfg = Release|Any CPU
		{CAA53369-C7D0-497F-8D4B-F73CCDE7F4A9}.Release|Any CPU.Build.0 = Release|Any CPU
	EndGlobalSection
	GlobalSection(SolutionProperties) = preSolution
		HideSolutionNode = FALSE
	EndGlobalSection
EndGlobal
