
Microsoft Visual Studio Solution File, Format Version 12.00
# Visual Studio 2013
VisualStudioVersion = 12.0.30501.0
MinimumVisualStudioVersion = 10.0.40219.1
Project("{FAE04EC0-301F-11D3-BF4B-00C04F79EFBC}") = "CircuitBreakerSpike.WebApi", "CircuitBreakerSpike.WebApi\CircuitBreakerSpike.WebApi.csproj", "{ACAAC4E3-58F9-4AA2-98A1-3DC329B2E8DA}"
EndProject
Project("{FAE04EC0-301F-11D3-BF4B-00C04F79EFBC}") = "CircuitBreakerSpike.WebApi.UnitTests", "CircuitBreakerSpike.WebApi.UnitTests\CircuitBreakerSpike.WebApi.UnitTests.csproj", "{41738A0A-F6A0-4A3E-A3E9-85E773061387}"
EndProject
Global
	GlobalSection(SolutionConfigurationPlatforms) = preSolution
		Debug|Any CPU = Debug|Any CPU
		Release|Any CPU = Release|Any CPU
	EndGlobalSection
	GlobalSection(ProjectConfigurationPlatforms) = postSolution
		{ACAAC4E3-58F9-4AA2-98A1-3DC329B2E8DA}.Debug|Any CPU.ActiveCfg = Debug|Any CPU
		{ACAAC4E3-58F9-4AA2-98A1-3DC329B2E8DA}.Debug|Any CPU.Build.0 = Debug|Any CPU
		{ACAAC4E3-58F9-4AA2-98A1-3DC329B2E8DA}.Release|Any CPU.ActiveCfg = Release|Any CPU
		{ACAAC4E3-58F9-4AA2-98A1-3DC329B2E8DA}.Release|Any CPU.Build.0 = Release|Any CPU
		{41738A0A-F6A0-4A3E-A3E9-85E773061387}.Debug|Any CPU.ActiveCfg = Debug|Any CPU
		{41738A0A-F6A0-4A3E-A3E9-85E773061387}.Debug|Any CPU.Build.0 = Debug|Any CPU
		{41738A0A-F6A0-4A3E-A3E9-85E773061387}.Release|Any CPU.ActiveCfg = Release|Any CPU
		{41738A0A-F6A0-4A3E-A3E9-85E773061387}.Release|Any CPU.Build.0 = Release|Any CPU
	EndGlobalSection
	GlobalSection(SolutionProperties) = preSolution
		HideSolutionNode = FALSE
	EndGlobalSection
EndGlobal
